{
  "nodes": {
    "flake-compat": {
      "flake": false,
      "locked": {
        "lastModified": 1761588595,
        "narHash": "sha256-XKUZz9zewJNUj46b4AJdiRZJAvSZ0Dqj2BNfXvFlJC4=",
        "owner": "edolstra",
        "repo": "flake-compat",
        "rev": "f387cd2afec9419c8ee37694406ca490c3f34ee5",
        "type": "github"
      },
      "original": {
        "owner": "edolstra",
        "repo": "flake-compat",
        "type": "github"
      }
    },
    "home-manager": {
      "inputs": {
        "nixpkgs": [
          "nixpkgs"
        ]
      },
      "locked": {
        "lastModified": 1762704774,
        "narHash": "sha256-iodz4xQbULkHqetbPu5BCSWsVEzZiiNSv0/dzfH4XiE=",
        "owner": "nix-community",
        "repo": "home-manager",
        "rev": "be4a9233dd3f6104c9b0fdd3d56f953eb519a4c7",
        "type": "github"
      },
      "original": {
        "owner": "nix-community",
        "repo": "home-manager",
        "type": "github"
      }
    },
    "nix-darwin": {
      "inputs": {
        "nixpkgs": [
          "nixpkgs"
        ]
      },
      "locked": {
        "lastModified": 1762627886,
        "narHash": "sha256-/QLk1bzmbcqJt9sU43+y/3tHtXhAy0l8Ck0MoO2+evQ=",
        "owner": "nix-darwin",
        "repo": "nix-darwin",
        "rev": "5125a3cd414dc98bbe2c528227aa6b62ee61f733",
        "type": "github"
      },
      "original": {
        "owner": "nix-darwin",
        "repo": "nix-darwin",
        "type": "github"
      }
    },
    "nix-index-database": {
      "inputs": {
        "nixpkgs": [
          "nixpkgs"
        ]
      },
      "locked": {
        "lastModified": 1762660502,
        "narHash": "sha256-C9F1C31ys0V7mnp4EcDy7L1cLZw/sCTEXqqTtGnvu08=",
        "owner": "nix-community",
        "repo": "nix-index-database",
        "rev": "15c5451c63f4c612874a43846bfe3fa828b03eee",
        "type": "github"
      },
      "original": {
        "owner": "nix-community",
        "repo": "nix-index-database",
        "type": "github"
      }
    },
    "nix-software-center": {
      "inputs": {
        "nixos-appstream-data": "nixos-appstream-data",
        "nixpkgs": "nixpkgs",
        "utils": "utils"
      },
      "locked": {
        "lastModified": 1730517716,
        "narHash": "sha256-hq3jlW5lyT2RkWhJ2/Oo+dt9FXtJ47zDDBBk8A8abMo=",
        "owner": "snowfallorg",
        "repo": "nix-software-center",
        "rev": "216eb549f1ec222c2877d2194f2987527954f2c4",
        "type": "github"
      },
      "original": {
        "owner": "snowfallorg",
        "repo": "nix-software-center",
        "type": "github"
      }
    },
    "nixos-appstream-data": {
      "inputs": {
        "flake-utils": [
          "nix-software-center",
          "utils"
        ],
        "nixpkgs": [
          "nix-software-center",
          "nixpkgs"
        ]
      },
      "locked": {
        "lastModified": 1712858390,
        "narHash": "sha256-XE7gr+zU3N4SHPAhsgk8cVAFp1iBg+Lxxp3y4dUF1vE=",
        "owner": "korfuri",
        "repo": "nixos-appstream-data",
        "rev": "0465d42a4433faa63b7a5eb0b8d397937c9fc13a",
        "type": "github"
      },
      "original": {
        "owner": "korfuri",
        "ref": "flake",
        "repo": "nixos-appstream-data",
        "type": "github"
      }
    },
    "nixos-wsl": {
      "inputs": {
        "flake-compat": "flake-compat",
        "nixpkgs": "nixpkgs_2"
      },
      "locked": {
        "lastModified": 1762251193,
        "narHash": "sha256-CmSddz8e2kM+ITbYutluhKZyXXwI9Sg2lf7XXSvc8oY=",
        "owner": "nix-community",
        "repo": "NixOS-WSL",
        "rev": "e001844d4553aef268f97b32d3a825b6370eed91",
        "type": "github"
      },
      "original": {
        "owner": "nix-community",
        "repo": "NixOS-WSL",
        "type": "github"
      }
    },
    "nixpkgs": {
      "locked": {
        "lastModified": 1692638711,
        "narHash": "sha256-J0LgSFgJVGCC1+j5R2QndadWI1oumusg6hCtYAzLID4=",
        "owner": "NixOS",
        "repo": "nixpkgs",
        "rev": "91a22f76cd1716f9d0149e8a5c68424bb691de15",
        "type": "github"
      },
      "original": {
        "owner": "NixOS",
        "ref": "nixos-unstable",
        "repo": "nixpkgs",
        "type": "github"
      }
    },
    "nixpkgs_2": {
      "locked": {
        "lastModified": 1761907660,
        "narHash": "sha256-kJ8lIZsiPOmbkJypG+B5sReDXSD1KGu2VEPNqhRa/ew=",
        "owner": "NixOS",
        "repo": "nixpkgs",
        "rev": "2fb006b87f04c4d3bdf08cfdbc7fab9c13d94a15",
        "type": "github"
      },
      "original": {
        "owner": "NixOS",
        "ref": "nixos-unstable",
        "repo": "nixpkgs",
        "type": "github"
      }
    },
    "nixpkgs_3": {
      "locked": {
        "lastModified": 1762704076,
        "narHash": "sha256-kGEigbGxzpXpyeU9BtILXsMwTls5XcLyXEwYVfNjO4g=",
        "owner": "nixos",
        "repo": "nixpkgs",
        "rev": "cdfa60cc7448c7943dd3feb0ab18e342d569c7a4",
        "type": "github"
      },
      "original": {
        "owner": "nixos",
        "repo": "nixpkgs",
        "type": "github"
      }
    },
    "root": {
      "inputs": {
        "home-manager": "home-manager",
        "nix-darwin": "nix-darwin",
        "nix-index-database": "nix-index-database",
        "nix-software-center": "nix-software-center",
        "nixos-wsl": "nixos-wsl",
        "nixpkgs": "nixpkgs_3"
      }
    },
    "systems": {
      "locked": {
        "lastModified": 1681028828,
        "narHash": "sha256-Vy1rq5AaRuLzOxct8nz4T6wlgyUR7zLU309k9mBC768=",
        "owner": "nix-systems",
        "repo": "default",
        "rev": "da67096a3b9bf56a91d16901293e51ba5b49a27e",
        "type": "github"
      },
      "original": {
        "owner": "nix-systems",
        "repo": "default",
        "type": "github"
      }
    },
    "utils": {
      "inputs": {
        "systems": "systems"
      },
      "locked": {
        "lastModified": 1689068808,
        "narHash": "sha256-6ixXo3wt24N/melDWjq70UuHQLxGV8jZvooRanIHXw0=",
        "owner": "numtide",
        "repo": "flake-utils",
        "rev": "919d646de7be200f3bf08cb76ae1f09402b6f9b4",
        "type": "github"
      },
      "original": {
        "owner": "numtide",
        "repo": "flake-utils",
        "type": "github"
      }
    }
  },
  "root": "root",
  "version": 7
}
