{
  "nodes": {
    "flake-compat": {
      "flake": false,
      "locked": {
        "lastModified": 1747046372,
        "narHash": "sha256-CIVLLkVgvHYbgI2UpXvIIBJ12HWgX+fjA8Xf8PUmqCY=",
        "owner": "edolstra",
        "repo": "flake-compat",
        "rev": "9100a0f413b0c601e0533d1d94ffd501ce2e7885",
        "type": "github"
      },
      "original": {
        "owner": "edolstra",
        "repo": "flake-compat",
        "type": "github"
      }
    },
    "home-manager": {
      "inputs": {
        "nixpkgs": [
          "nixpkgs"
        ]
      },
      "locked": {
        "lastModified": 1752603129,
        "narHash": "sha256-S+wmHhwNQ5Ru689L2Gu8n1OD6s9eU9n9mD827JNR+kw=",
        "owner": "nix-community",
        "repo": "home-manager",
        "rev": "e8c19a3cec2814c754f031ab3ae7316b64da085b",
        "type": "github"
      },
      "original": {
        "owner": "nix-community",
        "repo": "home-manager",
        "type": "github"
      }
    },
    "nix-index-database": {
      "inputs": {
        "nixpkgs": [
          "nixpkgs"
        ]
      },
      "locked": {
        "lastModified": 1752441837,
        "narHash": "sha256-FMH1OSSJp8Cx8MZHXz6KckxJGbCnVMotZNAH3v2WneU=",
        "owner": "nix-community",
        "repo": "nix-index-database",
        "rev": "839e02dece5845be3a322e507a79712b73a96ba2",
        "type": "github"
      },
      "original": {
        "owner": "nix-community",
        "repo": "nix-index-database",
        "type": "github"
      }
    },
    "nix-software-center": {
      "inputs": {
        "nixos-appstream-data": "nixos-appstream-data",
        "nixpkgs": "nixpkgs",
        "utils": "utils"
      },
      "locked": {
        "lastModified": 1730517716,
        "narHash": "sha256-hq3jlW5lyT2RkWhJ2/Oo+dt9FXtJ47zDDBBk8A8abMo=",
        "owner": "snowfallorg",
        "repo": "nix-software-center",
        "rev": "216eb549f1ec222c2877d2194f2987527954f2c4",
        "type": "github"
      },
      "original": {
        "owner": "snowfallorg",
        "repo": "nix-software-center",
        "type": "github"
      }
    },
    "nixos-appstream-data": {
      "inputs": {
        "flake-utils": [
          "nix-software-center",
          "utils"
        ],
        "nixpkgs": [
          "nix-software-center",
          "nixpkgs"
        ]
      },
      "locked": {
        "lastModified": 1712858390,
        "narHash": "sha256-XE7gr+zU3N4SHPAhsgk8cVAFp1iBg+Lxxp3y4dUF1vE=",
        "owner": "korfuri",
        "repo": "nixos-appstream-data",
        "rev": "0465d42a4433faa63b7a5eb0b8d397937c9fc13a",
        "type": "github"
      },
      "original": {
        "owner": "korfuri",
        "ref": "flake",
        "repo": "nixos-appstream-data",
        "type": "github"
      }
    },
    "nixos-wsl": {
      "inputs": {
        "flake-compat": "flake-compat",
        "nixpkgs": "nixpkgs_2"
      },
      "locked": {
        "lastModified": 1752682362,
        "narHash": "sha256-ZNIpqCG/CfhmV+TgIeyO/XbhDjSWpwWokHM44j0Mn0w=",
        "owner": "nix-community",
        "repo": "NixOS-WSL",
        "rev": "20001f9bf0aaf2b1c307e43a5eec8cf8f800fe14",
        "type": "github"
      },
      "original": {
        "owner": "nix-community",
        "ref": "main",
        "repo": "NixOS-WSL",
        "type": "github"
      }
    },
    "nixpkgs": {
      "locked": {
        "lastModified": 1692638711,
        "narHash": "sha256-J0LgSFgJVGCC1+j5R2QndadWI1oumusg6hCtYAzLID4=",
        "owner": "NixOS",
        "repo": "nixpkgs",
        "rev": "91a22f76cd1716f9d0149e8a5c68424bb691de15",
        "type": "github"
      },
      "original": {
        "owner": "NixOS",
        "ref": "nixos-unstable",
        "repo": "nixpkgs",
        "type": "github"
      }
    },
    "nixpkgs_2": {
      "locked": {
        "lastModified": 1751792365,
        "narHash": "sha256-J1kI6oAj25IG4EdVlg2hQz8NZTBNYvIS0l4wpr9KcUo=",
        "owner": "NixOS",
        "repo": "nixpkgs",
        "rev": "1fd8bada0b6117e6c7eb54aad5813023eed37ccb",
        "type": "github"
      },
      "original": {
        "owner": "NixOS",
        "ref": "nixos-unstable",
        "repo": "nixpkgs",
        "type": "github"
      }
    },
    "nixpkgs_3": {
      "locked": {
        "lastModified": 1752480373,
        "narHash": "sha256-JHQbm+OcGp32wAsXTE/FLYGNpb+4GLi5oTvCxwSoBOA=",
        "owner": "nixos",
        "repo": "nixpkgs",
        "rev": "62e0f05ede1da0d54515d4ea8ce9c733f12d9f08",
        "type": "github"
      },
      "original": {
        "owner": "nixos",
        "ref": "nixos-unstable",
        "repo": "nixpkgs",
        "type": "github"
      }
    },
    "root": {
      "inputs": {
        "home-manager": "home-manager",
        "nix-index-database": "nix-index-database",
        "nix-software-center": "nix-software-center",
        "nixos-wsl": "nixos-wsl",
        "nixpkgs": "nixpkgs_3"
      }
    },
    "systems": {
      "locked": {
        "lastModified": 1681028828,
        "narHash": "sha256-Vy1rq5AaRuLzOxct8nz4T6wlgyUR7zLU309k9mBC768=",
        "owner": "nix-systems",
        "repo": "default",
        "rev": "da67096a3b9bf56a91d16901293e51ba5b49a27e",
        "type": "github"
      },
      "original": {
        "owner": "nix-systems",
        "repo": "default",
        "type": "github"
      }
    },
    "utils": {
      "inputs": {
        "systems": "systems"
      },
      "locked": {
        "lastModified": 1689068808,
        "narHash": "sha256-6ixXo3wt24N/melDWjq70UuHQLxGV8jZvooRanIHXw0=",
        "owner": "numtide",
        "repo": "flake-utils",
        "rev": "919d646de7be200f3bf08cb76ae1f09402b6f9b4",
        "type": "github"
      },
      "original": {
        "owner": "numtide",
        "repo": "flake-utils",
        "type": "github"
      }
    }
  },
  "root": "root",
  "version": 7
}
